
Microsoft Visual Studio Solution File, Format Version 12.00
# Visual Studio Version 16
VisualStudioVersion = 16.0.31515.178
MinimumVisualStudioVersion = 10.0.40219.1
Project("{FAE04EC0-301F-11D3-BF4B-00C04F79EFBC}") = "LinqToSQL", "LinqToSQL.csproj", "{44E0F046-F31B-43E9-B41B-EE41B03591A7}"
EndProject
Global
	GlobalSection(SolutionConfigurationPlatforms) = preSolution
		Debug|Any CPU = Debug|Any CPU
		Release|Any CPU = Release|Any CPU
	EndGlobalSection
	GlobalSection(ProjectConfigurationPlatforms) = postSolution
		{44E0F046-F31B-43E9-B41B-EE41B03591A7}.Debug|Any CPU.ActiveCfg = Debug|Any CPU
		{44E0F046-F31B-43E9-B41B-EE41B03591A7}.Debug|Any CPU.Build.0 = Debug|Any CPU
		{44E0F046-F31B-43E9-B41B-EE41B03591A7}.Release|Any CPU.ActiveCfg = Release|Any CPU
		{44E0F046-F31B-43E9-B41B-EE41B03591A7}.Release|Any CPU.Build.0 = Release|Any CPU
	EndGlobalSection
	GlobalSection(SolutionProperties) = preSolution
		HideSolutionNode = FALSE
	EndGlobalSection
	GlobalSection(ExtensibilityGlobals) = postSolution
		SolutionGuid = {00A14261-1345-4ACD-A5D3-4880CB02A1CD}
	EndGlobalSection
EndGlobal
