
Microsoft Visual Studio Solution File, Format Version 12.00
# Visual Studio Version 16
VisualStudioVersion = 16.0.31515.178
MinimumVisualStudioVersion = 10.0.40219.1
Project("{FAE04EC0-301F-11D3-BF4B-00C04F79EFBC}") = "Hello_World_WPF", "Hello_World_WPF.csproj", "{1FE2433A-2578-4FFF-A0B3-D527FC5E0024}"
EndProject
Global
	GlobalSection(SolutionConfigurationPlatforms) = preSolution
		Debug|Any CPU = Debug|Any CPU
		Release|Any CPU = Release|Any CPU
	EndGlobalSection
	GlobalSection(ProjectConfigurationPlatforms) = postSolution
		{1FE2433A-2578-4FFF-A0B3-D527FC5E0024}.Debug|Any CPU.ActiveCfg = Debug|Any CPU
		{1FE2433A-2578-4FFF-A0B3-D527FC5E0024}.Debug|Any CPU.Build.0 = Debug|Any CPU
		{1FE2433A-2578-4FFF-A0B3-D527FC5E0024}.Release|Any CPU.ActiveCfg = Release|Any CPU
		{1FE2433A-2578-4FFF-A0B3-D527FC5E0024}.Release|Any CPU.Build.0 = Release|Any CPU
	EndGlobalSection
	GlobalSection(SolutionProperties) = preSolution
		HideSolutionNode = FALSE
	EndGlobalSection
	GlobalSection(ExtensibilityGlobals) = postSolution
		SolutionGuid = {A6FA98F2-13D9-40A7-AE14-E8730F9B9AE6}
	EndGlobalSection
EndGlobal
